PODS:
  - KSCrash (1.5.11):
    - KSCrash/Installations (= 1.5.11)
  - KSCrash/Installations (1.5.11):
    - KSCrash/Recording
    - KSCrash/Reporting
  - KSCrash/no-arc (1.5.11)
  - KSCrash/Recording (1.5.11):
    - KSCrash/no-arc
  - KSCrash/Reporting (1.5.11):
    - KSCrash/Recording
    - KSCrash/Reporting/Filters (= 1.5.11)
    - KSCrash/Reporting/MessageUI (= 1.5.11)
    - KSCrash/Reporting/Sinks (= 1.5.11)
    - KSCrash/Reporting/Tools (= 1.5.11)
  - KSCrash/Reporting/Filters (1.5.11):
    - KSCrash/Recording
    - KSCrash/Reporting/Filters/Alert (= 1.5.11)
    - KSCrash/Reporting/Filters/AppleFmt (= 1.5.11)
    - KSCrash/Reporting/Filters/Base (= 1.5.11)
    - KSCrash/Reporting/Filters/Basic (= 1.5.11)
    - KSCrash/Reporting/Filters/GZip (= 1.5.11)
    - KSCrash/Reporting/Filters/JSON (= 1.5.11)
    - KSCrash/Reporting/Filters/Sets (= 1.5.11)
    - KSCrash/Reporting/Filters/Stringify (= 1.5.11)
    - KSCrash/Reporting/Filters/Tools (= 1.5.11)
  - KSCrash/Reporting/Filters/Alert (1.5.11):
    - KSCrash/Recording
    - KSCrash/Reporting/Filters/Base
  - KSCrash/Reporting/Filters/AppleFmt (1.5.11):
    - KSCrash/Recording
    - KSCrash/Reporting/Filters/Base
  - KSCrash/Reporting/Filters/Base (1.5.11):
    - KSCrash/Recording
  - KSCrash/Reporting/Filters/Basic (1.5.11):
    - KSCrash/Recording
    - KSCrash/Reporting/Filters/Base
  - KSCrash/Reporting/Filters/GZip (1.5.11):
    - KSCrash/Recording
    - KSCrash/Reporting/Filters/Base
  - KSCrash/Reporting/Filters/JSON (1.5.11):
    - KSCrash/Recording
    - KSCrash/Reporting/Filters/Base
  - KSCrash/Reporting/Filters/Sets (1.5.11):
    - KSCrash/Recording
    - KSCrash/Reporting/Filters/AppleFmt
    - KSCrash/Reporting/Filters/Base
    - KSCrash/Reporting/Filters/Basic
    - KSCrash/Reporting/Filters/GZip
    - KSCrash/Reporting/Filters/JSON
    - KSCrash/Reporting/Filters/Stringify
  - KSCrash/Reporting/Filters/Stringify (1.5.11):
    - KSCrash/Recording
    - KSCrash/Reporting/Filters/Base
  - KSCrash/Reporting/Filters/Tools (1.5.11):
    - KSCrash/Recording
  - KSCrash/Reporting/MessageUI (1.5.11):
    - KSCrash/Recording
  - KSCrash/Reporting/Sinks (1.5.11):
    - KSCrash/Recording
    - KSCrash/Reporting/Filters
    - KSCrash/Reporting/Tools
  - KSCrash/Reporting/Tools (1.5.11):
    - KSCrash/Recording
  - SentrySwift (0.3.1):
    - KSCrash (~> 1.5.11)
  - zipzap (8.1.1)

DEPENDENCIES:
  - SentrySwift (from `git@github.com:getsentry/sentry-swift.git`, branch `master`)
  - zipzap

EXTERNAL SOURCES:
  SentrySwift:
    :branch: master
    :git: git@github.com:getsentry/sentry-swift.git

CHECKOUT OPTIONS:
  SentrySwift:
    :commit: bf8053160750287ceba926cdeb81bf7de348ab58
    :git: git@github.com:getsentry/sentry-swift.git

SPEC CHECKSUMS:
  KSCrash: aad8a550b9b0b6aa0462e42be5720f9983020e6e
  SentrySwift: 8ed7842a028b47ab1a354e69f7cb638890751425
  zipzap: 940162d9c9c60472c2eab341385e4214da0fdf1c

PODFILE CHECKSUM: e7be63b296b66c639416fc3f5280cf5cd1db919c

COCOAPODS: 1.0.1
