// !$*UTF8*$!
{
	archiveVersion = 1;
	classes = {
	};
	objectVersion = 46;
	objects = {

/* Begin PBXBuildFile section */
		DB0F48971B39DF7E00CCE614 /* main.m in Sources */ = {isa = PBXBuildFile; fileRef = DB0F48961B39DF7E00CCE614 /* main.m */; };
		DB0F489A1B39DF7E00CCE614 /* AppDelegate.m in Sources */ = {isa = PBXBuildFile; fileRef = DB0F48991B39DF7E00CCE614 /* AppDelegate.m */; };
		DB0F489D1B39DF7E00CCE614 /* ViewController.m in Sources */ = {isa = PBXBuildFile; fileRef = DB0F489C1B39DF7E00CCE614 /* ViewController.m */; };
		DB0F48A01B39DF7E00CCE614 /* Main.storyboard in Resources */ = {isa = PBXBuildFile; fileRef = DB0F489E1B39DF7E00CCE614 /* Main.storyboard */; };
		DB0F48A21B39DF7E00CCE614 /* Images.xcassets in Resources */ = {isa = PBXBuildFile; fileRef = DB0F48A11B39DF7E00CCE614 /* Images.xcassets */; };
		DB0F48A51B39DF7E00CCE614 /* LaunchScreen.xib in Resources */ = {isa = PBXBuildFile; fileRef = DB0F48A31B39DF7E00CCE614 /* LaunchScreen.xib */; };
		DB0F48B11B39DF7E00CCE614 /* iOS_Framework_Test_AppTests.m in Sources */ = {isa = PBXBuildFile; fileRef = DB0F48B01B39DF7E00CCE614 /* iOS_Framework_Test_AppTests.m */; };
		DB1C58EB1B8264E00090D4C8 /* Ambassador.framework in Frameworks */ = {isa = PBXBuildFile; fileRef = DB1C58E91B8264D90090D4C8 /* Ambassador.framework */; };
		DB1C58EC1B8264E00090D4C8 /* Ambassador.framework in Embed Frameworks */ = {isa = PBXBuildFile; fileRef = DB1C58E91B8264D90090D4C8 /* Ambassador.framework */; settings = {ATTRIBUTES = (CodeSignOnCopy, RemoveHeadersOnCopy, ); }; };
/* End PBXBuildFile section */

/* Begin PBXContainerItemProxy section */
		DB0F48AB1B39DF7E00CCE614 /* PBXContainerItemProxy */ = {
			isa = PBXContainerItemProxy;
			containerPortal = DB0F48891B39DF7E00CCE614 /* Project object */;
			proxyType = 1;
			remoteGlobalIDString = DB0F48901B39DF7E00CCE614;
			remoteInfo = iOS_Framework_Test_App;
		};
/* End PBXContainerItemProxy section */

/* Begin PBXCopyFilesBuildPhase section */
		DB0F48BE1B39DFFE00CCE614 /* Embed Frameworks */ = {
			isa = PBXCopyFilesBuildPhase;
			buildActionMask = 2147483647;
			dstPath = "";
			dstSubfolderSpec = 10;
			files = (
				DB1C58EC1B8264E00090D4C8 /* Ambassador.framework in Embed Frameworks */,
			);
			name = "Embed Frameworks";
			runOnlyForDeploymentPostprocessing = 0;
		};
/* End PBXCopyFilesBuildPhase section */

/* Begin PBXFileReference section */
		DB0F48911B39DF7E00CCE614 /* iOS_Framework_Test_App.app */ = {isa = PBXFileReference; explicitFileType = wrapper.application; includeInIndex = 0; path = iOS_Framework_Test_App.app; sourceTree = BUILT_PRODUCTS_DIR; };
		DB0F48951B39DF7E00CCE614 /* Info.plist */ = {isa = PBXFileReference; lastKnownFileType = text.plist.xml; path = Info.plist; sourceTree = "<group>"; };
		DB0F48961B39DF7E00CCE614 /* main.m */ = {isa = PBXFileReference; lastKnownFileType = sourcecode.c.objc; path = main.m; sourceTree = "<group>"; };
		DB0F48981B39DF7E00CCE614 /* AppDelegate.h */ = {isa = PBXFileReference; lastKnownFileType = sourcecode.c.h; path = AppDelegate.h; sourceTree = "<group>"; };
		DB0F48991B39DF7E00CCE614 /* AppDelegate.m */ = {isa = PBXFileReference; lastKnownFileType = sourcecode.c.objc; path = AppDelegate.m; sourceTree = "<group>"; };
		DB0F489B1B39DF7E00CCE614 /* ViewController.h */ = {isa = PBXFileReference; lastKnownFileType = sourcecode.c.h; path = ViewController.h; sourceTree = "<group>"; };
		DB0F489C1B39DF7E00CCE614 /* ViewController.m */ = {isa = PBXFileReference; lastKnownFileType = sourcecode.c.objc; path = ViewController.m; sourceTree = "<group>"; };
		DB0F489F1B39DF7E00CCE614 /* Base */ = {isa = PBXFileReference; lastKnownFileType = file.storyboard; name = Base; path = Base.lproj/Main.storyboard; sourceTree = "<group>"; };
		DB0F48A11B39DF7E00CCE614 /* Images.xcassets */ = {isa = PBXFileReference; lastKnownFileType = folder.assetcatalog; path = Images.xcassets; sourceTree = "<group>"; };
		DB0F48A41B39DF7E00CCE614 /* Base */ = {isa = PBXFileReference; lastKnownFileType = file.xib; name = Base; path = Base.lproj/LaunchScreen.xib; sourceTree = "<group>"; };
		DB0F48AA1B39DF7E00CCE614 /* iOS_Framework_Test_AppTests.xctest */ = {isa = PBXFileReference; explicitFileType = wrapper.cfbundle; includeInIndex = 0; path = iOS_Framework_Test_AppTests.xctest; sourceTree = BUILT_PRODUCTS_DIR; };
		DB0F48AF1B39DF7E00CCE614 /* Info.plist */ = {isa = PBXFileReference; lastKnownFileType = text.plist.xml; path = Info.plist; sourceTree = "<group>"; };
		DB0F48B01B39DF7E00CCE614 /* iOS_Framework_Test_AppTests.m */ = {isa = PBXFileReference; lastKnownFileType = sourcecode.c.objc; path = iOS_Framework_Test_AppTests.m; sourceTree = "<group>"; };
		DB1C58E91B8264D90090D4C8 /* Ambassador.framework */ = {isa = PBXFileReference; lastKnownFileType = wrapper.framework; path = Ambassador.framework; sourceTree = "<group>"; };
/* End PBXFileReference section */

/* Begin PBXFrameworksBuildPhase section */
		DB0F488E1B39DF7E00CCE614 /* Frameworks */ = {
			isa = PBXFrameworksBuildPhase;
			buildActionMask = 2147483647;
			files = (
				DB1C58EB1B8264E00090D4C8 /* Ambassador.framework in Frameworks */,
			);
			runOnlyForDeploymentPostprocessing = 0;
		};
		DB0F48A71B39DF7E00CCE614 /* Frameworks */ = {
			isa = PBXFrameworksBuildPhase;
			buildActionMask = 2147483647;
			files = (
			);
			runOnlyForDeploymentPostprocessing = 0;
		};
/* End PBXFrameworksBuildPhase section */

/* Begin PBXGroup section */
		DB0F48881B39DF7E00CCE614 = {
			isa = PBXGroup;
			children = (
				DB1C58E91B8264D90090D4C8 /* Ambassador.framework */,
				DB0F48931B39DF7E00CCE614 /* iOS_Framework_Test_App */,
				DB0F48AD1B39DF7E00CCE614 /* iOS_Framework_Test_AppTests */,
				DB0F48921B39DF7E00CCE614 /* Products */,
			);
			sourceTree = "<group>";
		};
		DB0F48921B39DF7E00CCE614 /* Products */ = {
			isa = PBXGroup;
			children = (
				DB0F48911B39DF7E00CCE614 /* iOS_Framework_Test_App.app */,
				DB0F48AA1B39DF7E00CCE614 /* iOS_Framework_Test_AppTests.xctest */,
			);
			name = Products;
			sourceTree = "<group>";
		};
		DB0F48931B39DF7E00CCE614 /* iOS_Framework_Test_App */ = {
			isa = PBXGroup;
			children = (
				DB0F48981B39DF7E00CCE614 /* AppDelegate.h */,
				DB0F48991B39DF7E00CCE614 /* AppDelegate.m */,
				DB0F489B1B39DF7E00CCE614 /* ViewController.h */,
				DB0F489C1B39DF7E00CCE614 /* ViewController.m */,
				DB0F489E1B39DF7E00CCE614 /* Main.storyboard */,
				DB0F48A11B39DF7E00CCE614 /* Images.xcassets */,
				DB0F48A31B39DF7E00CCE614 /* LaunchScreen.xib */,
				DB0F48941B39DF7E00CCE614 /* Supporting Files */,
			);
			path = iOS_Framework_Test_App;
			sourceTree = "<group>";
		};
		DB0F48941B39DF7E00CCE614 /* Supporting Files */ = {
			isa = PBXGroup;
			children = (
				DB0F48951B39DF7E00CCE614 /* Info.plist */,
				DB0F48961B39DF7E00CCE614 /* main.m */,
			);
			name = "Supporting Files";
			sourceTree = "<group>";
		};
		DB0F48AD1B39DF7E00CCE614 /* iOS_Framework_Test_AppTests */ = {
			isa = PBXGroup;
			children = (
				DB0F48B01B39DF7E00CCE614 /* iOS_Framework_Test_AppTests.m */,
				DB0F48AE1B39DF7E00CCE614 /* Supporting Files */,
			);
			path = iOS_Framework_Test_AppTests;
			sourceTree = "<group>";
		};
		DB0F48AE1B39DF7E00CCE614 /* Supporting Files */ = {
			isa = PBXGroup;
			children = (
				DB0F48AF1B39DF7E00CCE614 /* Info.plist */,
			);
			name = "Supporting Files";
			sourceTree = "<group>";
		};
/* End PBXGroup section */

/* Begin PBXNativeTarget section */
		DB0F48901B39DF7E00CCE614 /* iOS_Framework_Test_App */ = {
			isa = PBXNativeTarget;
			buildConfigurationList = DB0F48B41B39DF7E00CCE614 /* Build configuration list for PBXNativeTarget "iOS_Framework_Test_App" */;
			buildPhases = (
				DB0F488D1B39DF7E00CCE614 /* Sources */,
				DB0F488E1B39DF7E00CCE614 /* Frameworks */,
				DB0F488F1B39DF7E00CCE614 /* Resources */,
				DB0F48BE1B39DFFE00CCE614 /* Embed Frameworks */,
				DB170AB01B9636EC00578201 /* ShellScript */,
			);
			buildRules = (
			);
			dependencies = (
			);
			name = iOS_Framework_Test_App;
			productName = iOS_Framework_Test_App;
			productReference = DB0F48911B39DF7E00CCE614 /* iOS_Framework_Test_App.app */;
			productType = "com.apple.product-type.application";
		};
		DB0F48A91B39DF7E00CCE614 /* iOS_Framework_Test_AppTests */ = {
			isa = PBXNativeTarget;
			buildConfigurationList = DB0F48B71B39DF7E00CCE614 /* Build configuration list for PBXNativeTarget "iOS_Framework_Test_AppTests" */;
			buildPhases = (
				DB0F48A61B39DF7E00CCE614 /* Sources */,
				DB0F48A71B39DF7E00CCE614 /* Frameworks */,
				DB0F48A81B39DF7E00CCE614 /* Resources */,
			);
			buildRules = (
			);
			dependencies = (
				DB0F48AC1B39DF7E00CCE614 /* PBXTargetDependency */,
			);
			name = iOS_Framework_Test_AppTests;
			productName = iOS_Framework_Test_AppTests;
			productReference = DB0F48AA1B39DF7E00CCE614 /* iOS_Framework_Test_AppTests.xctest */;
			productType = "com.apple.product-type.bundle.unit-test";
		};
/* End PBXNativeTarget section */

/* Begin PBXProject section */
		DB0F48891B39DF7E00CCE614 /* Project object */ = {
			isa = PBXProject;
			attributes = {
				LastUpgradeCheck = 0630;
				ORGANIZATIONNAME = Ambassador;
				TargetAttributes = {
					DB0F48901B39DF7E00CCE614 = {
						CreatedOnToolsVersion = 6.3.1;
						DevelopmentTeam = Q4HD565996;
					};
					DB0F48A91B39DF7E00CCE614 = {
						CreatedOnToolsVersion = 6.3.1;
						TestTargetID = DB0F48901B39DF7E00CCE614;
					};
				};
			};
			buildConfigurationList = DB0F488C1B39DF7E00CCE614 /* Build configuration list for PBXProject "iOS_Framework_Test_App" */;
			compatibilityVersion = "Xcode 3.2";
			developmentRegion = English;
			hasScannedForEncodings = 0;
			knownRegions = (
				en,
				Base,
			);
			mainGroup = DB0F48881B39DF7E00CCE614;
			productRefGroup = DB0F48921B39DF7E00CCE614 /* Products */;
			projectDirPath = "";
			projectRoot = "";
			targets = (
				DB0F48901B39DF7E00CCE614 /* iOS_Framework_Test_App */,
				DB0F48A91B39DF7E00CCE614 /* iOS_Framework_Test_AppTests */,
			);
		};
/* End PBXProject section */

/* Begin PBXResourcesBuildPhase section */
		DB0F488F1B39DF7E00CCE614 /* Resources */ = {
			isa = PBXResourcesBuildPhase;
			buildActionMask = 2147483647;
			files = (
				DB0F48A01B39DF7E00CCE614 /* Main.storyboard in Resources */,
				DB0F48A51B39DF7E00CCE614 /* LaunchScreen.xib in Resources */,
				DB0F48A21B39DF7E00CCE614 /* Images.xcassets in Resources */,
			);
			runOnlyForDeploymentPostprocessing = 0;
		};
		DB0F48A81B39DF7E00CCE614 /* Resources */ = {
			isa = PBXResourcesBuildPhase;
			buildActionMask = 2147483647;
			files = (
			);
			runOnlyForDeploymentPostprocessing = 0;
		};
/* End PBXResourcesBuildPhase section */

/* Begin PBXShellScriptBuildPhase section */
		DB170AB01B9636EC00578201 /* ShellScript */ = {
			isa = PBXShellScriptBuildPhase;
			buildActionMask = 2147483647;
			files = (
			);
			inputPaths = (
			);
			outputPaths = (
			);
			runOnlyForDeploymentPostprocessing = 0;
			shellPath = /bin/sh;
			shellScript = "APP_PATH=\"${TARGET_BUILD_DIR}/${WRAPPER_NAME}\"\n\nPATH_TO_AMB_FILE=$(find \"$PROJECT_DIR\" -name \"Ambassador.framework\" -print -quit)\necho \"Framework search directory is at $PATH_TO_AMB_FILE\"\nPATH_TO_AMB_FILE=\"$PATH_TO_AMB_FILE/Ambassador\"\necho \"The framework is at $PATH_TO_AMB_FILE\"\n\n# This script finds the Ambassador framework and removes unused architectures.\nFRAMEWORK_EXECUTABLE_PATH=$(find \"$APP_PATH\" -name \"Ambassador.framework\" -print -quit)\necho \"Executable folder is $FRAMEWORK_EXECUTABLE_PATH\"\nFRAMEWORK_EXECUTABLE_PATH=\"$FRAMEWORK_EXECUTABLE_PATH/Ambassador\"\necho \"Executable is $FRAMEWORK_EXECUTABLE_PATH\"\n\ncp $PATH_TO_AMB_FILE $FRAMEWORK_EXECUTABLE_PATH\n\nEXTRACTED_ARCHS=()\n\nfor ARCH in $ARCHS\ndo\necho \"Extracting $ARCH from $FRAMEWORK_EXECUTABLE_NAME\"\nlipo -extract \"$ARCH\" \"$FRAMEWORK_EXECUTABLE_PATH\" -o \"$FRAMEWORK_EXECUTABLE_PATH-$ARCH\"\nEXTRACTED_ARCHS+=(\"$FRAMEWORK_EXECUTABLE_PATH-$ARCH\")\ndone\n\necho \"Merging extracted architectures: ${ARCHS}\"\nlipo -o \"$FRAMEWORK_EXECUTABLE_PATH-merged\" -create \"${EXTRACTED_ARCHS[@]}\"\nrm \"${EXTRACTED_ARCHS[@]}\"\n\necho \"Replacing original executable with thinned version\"\nrm \"$FRAMEWORK_EXECUTABLE_PATH\"\nmv \"$FRAMEWORK_EXECUTABLE_PATH-merged\" \"$FRAMEWORK_EXECUTABLE_PATH\"";
		};
/* End PBXShellScriptBuildPhase section */

/* Begin PBXSourcesBuildPhase section */
		DB0F488D1B39DF7E00CCE614 /* Sources */ = {
			isa = PBXSourcesBuildPhase;
			buildActionMask = 2147483647;
			files = (
				DB0F489D1B39DF7E00CCE614 /* ViewController.m in Sources */,
				DB0F489A1B39DF7E00CCE614 /* AppDelegate.m in Sources */,
				DB0F48971B39DF7E00CCE614 /* main.m in Sources */,
			);
			runOnlyForDeploymentPostprocessing = 0;
		};
		DB0F48A61B39DF7E00CCE614 /* Sources */ = {
			isa = PBXSourcesBuildPhase;
			buildActionMask = 2147483647;
			files = (
				DB0F48B11B39DF7E00CCE614 /* iOS_Framework_Test_AppTests.m in Sources */,
			);
			runOnlyForDeploymentPostprocessing = 0;
		};
/* End PBXSourcesBuildPhase section */

/* Begin PBXTargetDependency section */
		DB0F48AC1B39DF7E00CCE614 /* PBXTargetDependency */ = {
			isa = PBXTargetDependency;
			target = DB0F48901B39DF7E00CCE614 /* iOS_Framework_Test_App */;
			targetProxy = DB0F48AB1B39DF7E00CCE614 /* PBXContainerItemProxy */;
		};
/* End PBXTargetDependency section */

/* Begin PBXVariantGroup section */
		DB0F489E1B39DF7E00CCE614 /* Main.storyboard */ = {
			isa = PBXVariantGroup;
			children = (
				DB0F489F1B39DF7E00CCE614 /* Base */,
			);
			name = Main.storyboard;
			sourceTree = "<group>";
		};
		DB0F48A31B39DF7E00CCE614 /* LaunchScreen.xib */ = {
			isa = PBXVariantGroup;
			children = (
				DB0F48A41B39DF7E00CCE614 /* Base */,
			);
			name = LaunchScreen.xib;
			sourceTree = "<group>";
		};
/* End PBXVariantGroup section */

/* Begin XCBuildConfiguration section */
		DB0F48B21B39DF7E00CCE614 /* Debug */ = {
			isa = XCBuildConfiguration;
			buildSettings = {
				ALWAYS_SEARCH_USER_PATHS = NO;
				CLANG_CXX_LANGUAGE_STANDARD = "gnu++0x";
				CLANG_CXX_LIBRARY = "libc++";
				CLANG_ENABLE_MODULES = YES;
				CLANG_ENABLE_OBJC_ARC = YES;
				CLANG_WARN_BOOL_CONVERSION = YES;
				CLANG_WARN_CONSTANT_CONVERSION = YES;
				CLANG_WARN_DIRECT_OBJC_ISA_USAGE = YES_ERROR;
				CLANG_WARN_EMPTY_BODY = YES;
				CLANG_WARN_ENUM_CONVERSION = YES;
				CLANG_WARN_INT_CONVERSION = YES;
				CLANG_WARN_OBJC_ROOT_CLASS = YES_ERROR;
				CLANG_WARN_UNREACHABLE_CODE = YES;
				CLANG_WARN__DUPLICATE_METHOD_MATCH = YES;
				"CODE_SIGN_IDENTITY[sdk=iphoneos*]" = "iPhone Developer";
				COPY_PHASE_STRIP = NO;
				DEBUG_INFORMATION_FORMAT = "dwarf-with-dsym";
				ENABLE_STRICT_OBJC_MSGSEND = YES;
				GCC_C_LANGUAGE_STANDARD = gnu99;
				GCC_DYNAMIC_NO_PIC = NO;
				GCC_NO_COMMON_BLOCKS = YES;
				GCC_OPTIMIZATION_LEVEL = 0;
				GCC_PREPROCESSOR_DEFINITIONS = (
					"DEBUG=1",
					"$(inherited)",
				);
				GCC_SYMBOLS_PRIVATE_EXTERN = NO;
				GCC_WARN_64_TO_32_BIT_CONVERSION = YES;
				GCC_WARN_ABOUT_RETURN_TYPE = YES_ERROR;
				GCC_WARN_UNDECLARED_SELECTOR = YES;
				GCC_WARN_UNINITIALIZED_AUTOS = YES_AGGRESSIVE;
				GCC_WARN_UNUSED_FUNCTION = YES;
				GCC_WARN_UNUSED_VARIABLE = YES;
				IPHONEOS_DEPLOYMENT_TARGET = 8.3;
				MTL_ENABLE_DEBUG_INFO = YES;
				ONLY_ACTIVE_ARCH = YES;
				SDKROOT = iphoneos;
			};
			name = Debug;
		};
		DB0F48B31B39DF7E00CCE614 /* Release */ = {
			isa = XCBuildConfiguration;
			buildSettings = {
				ALWAYS_SEARCH_USER_PATHS = NO;
				CLANG_CXX_LANGUAGE_STANDARD = "gnu++0x";
				CLANG_CXX_LIBRARY = "libc++";
				CLANG_ENABLE_MODULES = YES;
				CLANG_ENABLE_OBJC_ARC = YES;
				CLANG_WARN_BOOL_CONVERSION = YES;
				CLANG_WARN_CONSTANT_CONVERSION = YES;
				CLANG_WARN_DIRECT_OBJC_ISA_USAGE = YES_ERROR;
				CLANG_WARN_EMPTY_BODY = YES;
				CLANG_WARN_ENUM_CONVERSION = YES;
				CLANG_WARN_INT_CONVERSION = YES;
				CLANG_WARN_OBJC_ROOT_CLASS = YES_ERROR;
				CLANG_WARN_UNREACHABLE_CODE = YES;
				CLANG_WARN__DUPLICATE_METHOD_MATCH = YES;
				"CODE_SIGN_IDENTITY[sdk=iphoneos*]" = "iPhone Developer";
				COPY_PHASE_STRIP = NO;
				DEBUG_INFORMATION_FORMAT = "dwarf-with-dsym";
				ENABLE_NS_ASSERTIONS = NO;
				ENABLE_STRICT_OBJC_MSGSEND = YES;
				GCC_C_LANGUAGE_STANDARD = gnu99;
				GCC_NO_COMMON_BLOCKS = YES;
				GCC_WARN_64_TO_32_BIT_CONVERSION = YES;
				GCC_WARN_ABOUT_RETURN_TYPE = YES_ERROR;
				GCC_WARN_UNDECLARED_SELECTOR = YES;
				GCC_WARN_UNINITIALIZED_AUTOS = YES_AGGRESSIVE;
				GCC_WARN_UNUSED_FUNCTION = YES;
				GCC_WARN_UNUSED_VARIABLE = YES;
				IPHONEOS_DEPLOYMENT_TARGET = 8.3;
				MTL_ENABLE_DEBUG_INFO = NO;
				SDKROOT = iphoneos;
				VALIDATE_PRODUCT = YES;
			};
			name = Release;
		};
		DB0F48B51B39DF7E00CCE614 /* Debug */ = {
			isa = XCBuildConfiguration;
			buildSettings = {
				ASSETCATALOG_COMPILER_APPICON_NAME = AppIcon;
				CODE_SIGN_IDENTITY = "iPhone Developer";
				"CODE_SIGN_IDENTITY[sdk=iphoneos*]" = "iPhone Developer";
				FRAMEWORK_SEARCH_PATHS = (
					"$(inherited)",
					"$(PROJECT_DIR)",
				);
				INFOPLIST_FILE = iOS_Framework_Test_App/Info.plist;
				IPHONEOS_DEPLOYMENT_TARGET = 8.3;
				LD_RUNPATH_SEARCH_PATHS = "$(inherited) @executable_path/Frameworks";
				ONLY_ACTIVE_ARCH = YES;
				PRODUCT_BUNDLE_IDENTIFIER = "AMBASSADOR.iOS-Framework-Test";
				PRODUCT_NAME = "$(TARGET_NAME)";
				PROVISIONING_PROFILE = "";
				TARGETED_DEVICE_FAMILY = "1,2";
			};
			name = Debug;
		};
		DB0F48B61B39DF7E00CCE614 /* Release */ = {
			isa = XCBuildConfiguration;
			buildSettings = {
				ASSETCATALOG_COMPILER_APPICON_NAME = AppIcon;
				CODE_SIGN_IDENTITY = "iPhone Developer";
				"CODE_SIGN_IDENTITY[sdk=iphoneos*]" = "iPhone Developer";
				FRAMEWORK_SEARCH_PATHS = (
					"$(inherited)",
					"$(PROJECT_DIR)",
				);
				INFOPLIST_FILE = iOS_Framework_Test_App/Info.plist;
				IPHONEOS_DEPLOYMENT_TARGET = 8.3;
				LD_RUNPATH_SEARCH_PATHS = "$(inherited) @executable_path/Frameworks";
				PRODUCT_BUNDLE_IDENTIFIER = "AMBASSADOR.iOS-Framework-Test";
				PRODUCT_NAME = "$(TARGET_NAME)";
				PROVISIONING_PROFILE = "";
				TARGETED_DEVICE_FAMILY = "1,2";
			};
			name = Release;
		};
		DB0F48B81B39DF7E00CCE614 /* Debug */ = {
			isa = XCBuildConfiguration;
			buildSettings = {
				BUNDLE_LOADER = "$(TEST_HOST)";
				FRAMEWORK_SEARCH_PATHS = (
					"$(SDKROOT)/Developer/Library/Frameworks",
					"$(inherited)",
				);
				GCC_PREPROCESSOR_DEFINITIONS = (
					"DEBUG=1",
					"$(inherited)",
				);
				INFOPLIST_FILE = iOS_Framework_Test_AppTests/Info.plist;
				LD_RUNPATH_SEARCH_PATHS = "$(inherited) @executable_path/Frameworks @loader_path/Frameworks";
				PRODUCT_NAME = "$(TARGET_NAME)";
				TEST_HOST = "$(BUILT_PRODUCTS_DIR)/iOS_Framework_Test_App.app/iOS_Framework_Test_App";
			};
			name = Debug;
		};
		DB0F48B91B39DF7E00CCE614 /* Release */ = {
			isa = XCBuildConfiguration;
			buildSettings = {
				BUNDLE_LOADER = "$(TEST_HOST)";
				FRAMEWORK_SEARCH_PATHS = (
					"$(SDKROOT)/Developer/Library/Frameworks",
					"$(inherited)",
				);
				INFOPLIST_FILE = iOS_Framework_Test_AppTests/Info.plist;
				LD_RUNPATH_SEARCH_PATHS = "$(inherited) @executable_path/Frameworks @loader_path/Frameworks";
				PRODUCT_NAME = "$(TARGET_NAME)";
				TEST_HOST = "$(BUILT_PRODUCTS_DIR)/iOS_Framework_Test_App.app/iOS_Framework_Test_App";
			};
			name = Release;
		};
/* End XCBuildConfiguration section */

/* Begin XCConfigurationList section */
		DB0F488C1B39DF7E00CCE614 /* Build configuration list for PBXProject "iOS_Framework_Test_App" */ = {
			isa = XCConfigurationList;
			buildConfigurations = (
				DB0F48B21B39DF7E00CCE614 /* Debug */,
				DB0F48B31B39DF7E00CCE614 /* Release */,
			);
			defaultConfigurationIsVisible = 0;
			defaultConfigurationName = Release;
		};
		DB0F48B41B39DF7E00CCE614 /* Build configuration list for PBXNativeTarget "iOS_Framework_Test_App" */ = {
			isa = XCConfigurationList;
			buildConfigurations = (
				DB0F48B51B39DF7E00CCE614 /* Debug */,
				DB0F48B61B39DF7E00CCE614 /* Release */,
			);
			defaultConfigurationIsVisible = 0;
			defaultConfigurationName = Release;
		};
		DB0F48B71B39DF7E00CCE614 /* Build configuration list for PBXNativeTarget "iOS_Framework_Test_AppTests" */ = {
			isa = XCConfigurationList;
			buildConfigurations = (
				DB0F48B81B39DF7E00CCE614 /* Debug */,
				DB0F48B91B39DF7E00CCE614 /* Release */,
			);
			defaultConfigurationIsVisible = 0;
			defaultConfigurationName = Release;
		};
/* End XCConfigurationList section */
	};
	rootObject = DB0F48891B39DF7E00CCE614 /* Project object */;
}
