// !$*UTF8*$!
{
	archiveVersion = 1;
	classes = {
	};
	objectVersion = 46;
	objects = {

/* Begin PBXBuildFile section */
		1D2E8E491461B8DDB2DB5101 /* libPods.a in Frameworks */ = {isa = PBXBuildFile; fileRef = 3808F65075B06D5CEA1B4720 /* libPods.a */; };
		DB0F49471B419DCC00CCE614 /* ConversionParameters.h in Headers */ = {isa = PBXBuildFile; fileRef = DB0F49451B419DCC00CCE614 /* ConversionParameters.h */; settings = {ATTRIBUTES = (Public, ); }; };
		DB0F49481B419DCC00CCE614 /* ConversionParameters.m in Sources */ = {isa = PBXBuildFile; fileRef = DB0F49461B419DCC00CCE614 /* ConversionParameters.m */; };
		DB0F494B1B419DF000CCE614 /* Conversion.h in Headers */ = {isa = PBXBuildFile; fileRef = DB0F49491B419DF000CCE614 /* Conversion.h */; };
		DB0F494C1B419DF000CCE614 /* Conversion.m in Sources */ = {isa = PBXBuildFile; fileRef = DB0F494A1B419DF000CCE614 /* Conversion.m */; };
		DB0F49511B41A12500CCE614 /* LICENSE.txt in Resources */ = {isa = PBXBuildFile; fileRef = DB0F494E1B41A12500CCE614 /* LICENSE.txt */; };
		DB0F49751B41A14500CCE614 /* FMDatabase.h in Headers */ = {isa = PBXBuildFile; fileRef = DB0F496A1B41A14500CCE614 /* FMDatabase.h */; };
		DB0F49761B41A14500CCE614 /* FMDatabase.m in Sources */ = {isa = PBXBuildFile; fileRef = DB0F496B1B41A14500CCE614 /* FMDatabase.m */; };
		DB0F49771B41A14500CCE614 /* FMDatabaseAdditions.h in Headers */ = {isa = PBXBuildFile; fileRef = DB0F496C1B41A14500CCE614 /* FMDatabaseAdditions.h */; };
		DB0F49781B41A14500CCE614 /* FMDatabaseAdditions.m in Sources */ = {isa = PBXBuildFile; fileRef = DB0F496D1B41A14500CCE614 /* FMDatabaseAdditions.m */; };
		DB0F49791B41A14500CCE614 /* FMDatabasePool.h in Headers */ = {isa = PBXBuildFile; fileRef = DB0F496E1B41A14500CCE614 /* FMDatabasePool.h */; };
		DB0F497A1B41A14500CCE614 /* FMDatabasePool.m in Sources */ = {isa = PBXBuildFile; fileRef = DB0F496F1B41A14500CCE614 /* FMDatabasePool.m */; };
		DB0F497B1B41A14500CCE614 /* FMDatabaseQueue.h in Headers */ = {isa = PBXBuildFile; fileRef = DB0F49701B41A14500CCE614 /* FMDatabaseQueue.h */; };
		DB0F497C1B41A14500CCE614 /* FMDatabaseQueue.m in Sources */ = {isa = PBXBuildFile; fileRef = DB0F49711B41A14500CCE614 /* FMDatabaseQueue.m */; };
		DB0F497D1B41A14500CCE614 /* FMDB.h in Headers */ = {isa = PBXBuildFile; fileRef = DB0F49721B41A14500CCE614 /* FMDB.h */; };
		DB0F497E1B41A14500CCE614 /* FMResultSet.h in Headers */ = {isa = PBXBuildFile; fileRef = DB0F49731B41A14500CCE614 /* FMResultSet.h */; };
		DB0F497F1B41A14500CCE614 /* FMResultSet.m in Sources */ = {isa = PBXBuildFile; fileRef = DB0F49741B41A14500CCE614 /* FMResultSet.m */; };
		DB0F49811B41AA9300CCE614 /* libsqlite3.dylib in Frameworks */ = {isa = PBXBuildFile; fileRef = DB0F49801B41AA9300CCE614 /* libsqlite3.dylib */; };
		DB2614581B5979F50021A55D /* ComposeMessageVC.h in Headers */ = {isa = PBXBuildFile; fileRef = DB2614561B5979F50021A55D /* ComposeMessageVC.h */; };
		DB2614591B5979F50021A55D /* ComposeMessageVC.m in Sources */ = {isa = PBXBuildFile; fileRef = DB2614571B5979F50021A55D /* ComposeMessageVC.m */; };
		DB2614661B5986390021A55D /* RemoveContactButton.h in Headers */ = {isa = PBXBuildFile; fileRef = DB26145A1B5986390021A55D /* RemoveContactButton.h */; };
		DB2614671B5986390021A55D /* RemoveContactButton.m in Sources */ = {isa = PBXBuildFile; fileRef = DB26145B1B5986390021A55D /* RemoveContactButton.m */; };
		DB2614681B5986390021A55D /* SelectedTableVC.h in Headers */ = {isa = PBXBuildFile; fileRef = DB26145C1B5986390021A55D /* SelectedTableVC.h */; };
		DB2614691B5986390021A55D /* SelectedTableVC.m in Sources */ = {isa = PBXBuildFile; fileRef = DB26145D1B5986390021A55D /* SelectedTableVC.m */; };
		DB26146A1B5986390021A55D /* SelectedListTableCell.h in Headers */ = {isa = PBXBuildFile; fileRef = DB26145E1B5986390021A55D /* SelectedListTableCell.h */; };
		DB26146B1B5986390021A55D /* SelectedListTableCell.m in Sources */ = {isa = PBXBuildFile; fileRef = DB26145F1B5986390021A55D /* SelectedListTableCell.m */; };
		DB26146C1B5986390021A55D /* ContactListTableCell.h in Headers */ = {isa = PBXBuildFile; fileRef = DB2614601B5986390021A55D /* ContactListTableCell.h */; };
		DB26146D1B5986390021A55D /* ContactListTableCell.m in Sources */ = {isa = PBXBuildFile; fileRef = DB2614611B5986390021A55D /* ContactListTableCell.m */; };
		DB26146E1B5986390021A55D /* ContactsTableVC.h in Headers */ = {isa = PBXBuildFile; fileRef = DB2614621B5986390021A55D /* ContactsTableVC.h */; };
		DB26146F1B5986390021A55D /* ContactsTableVC.m in Sources */ = {isa = PBXBuildFile; fileRef = DB2614631B5986390021A55D /* ContactsTableVC.m */; };
		DB2614701B5986390021A55D /* ContactSelectionViewController.h in Headers */ = {isa = PBXBuildFile; fileRef = DB2614641B5986390021A55D /* ContactSelectionViewController.h */; };
		DB2614711B5986390021A55D /* ContactSelectionViewController.m in Sources */ = {isa = PBXBuildFile; fileRef = DB2614651B5986390021A55D /* ContactSelectionViewController.m */; };
		DB46FE151B57EAA400FEB0B0 /* Utilities.h in Headers */ = {isa = PBXBuildFile; fileRef = DB46FE131B57EAA400FEB0B0 /* Utilities.h */; };
		DB46FE161B57EAA400FEB0B0 /* Utilities.m in Sources */ = {isa = PBXBuildFile; fileRef = DB46FE141B57EAA400FEB0B0 /* Utilities.m */; };
		DB46FE311B58264B00FEB0B0 /* RAFNavigationController.h in Headers */ = {isa = PBXBuildFile; fileRef = DB46FE2F1B58264B00FEB0B0 /* RAFNavigationController.h */; };
		DB46FE321B58264B00FEB0B0 /* RAFNavigationController.m in Sources */ = {isa = PBXBuildFile; fileRef = DB46FE301B58264B00FEB0B0 /* RAFNavigationController.m */; };
		DB46FE361B5827E300FEB0B0 /* RAFShareScreen.h in Headers */ = {isa = PBXBuildFile; fileRef = DB46FE341B5827E300FEB0B0 /* RAFShareScreen.h */; };
		DB46FE371B5827E300FEB0B0 /* RAFShareScreen.m in Sources */ = {isa = PBXBuildFile; fileRef = DB46FE351B5827E300FEB0B0 /* RAFShareScreen.m */; };
		DB46FE3A1B58281400FEB0B0 /* ShareServiceCell.h in Headers */ = {isa = PBXBuildFile; fileRef = DB46FE381B58281400FEB0B0 /* ShareServiceCell.h */; };
		DB46FE3B1B58281400FEB0B0 /* ShareServiceCell.m in Sources */ = {isa = PBXBuildFile; fileRef = DB46FE391B58281400FEB0B0 /* ShareServiceCell.m */; };
		DB46FE401B58321D00FEB0B0 /* ContactLoader.h in Headers */ = {isa = PBXBuildFile; fileRef = DB46FE3C1B58321D00FEB0B0 /* ContactLoader.h */; };
		DB46FE411B58321D00FEB0B0 /* ContactLoader.m in Sources */ = {isa = PBXBuildFile; fileRef = DB46FE3D1B58321D00FEB0B0 /* ContactLoader.m */; };
		DB46FE421B58321D00FEB0B0 /* Contact.h in Headers */ = {isa = PBXBuildFile; fileRef = DB46FE3E1B58321D00FEB0B0 /* Contact.h */; };
		DB46FE431B58321D00FEB0B0 /* Contact.m in Sources */ = {isa = PBXBuildFile; fileRef = DB46FE3F1B58321D00FEB0B0 /* Contact.m */; };
		DB46FE4F1B58510000FEB0B0 /* back.png in Resources */ = {isa = PBXBuildFile; fileRef = DB46FE441B58510000FEB0B0 /* back.png */; };
		DB46FE501B58510000FEB0B0 /* check.png in Resources */ = {isa = PBXBuildFile; fileRef = DB46FE451B58510000FEB0B0 /* check.png */; };
		DB46FE511B58510000FEB0B0 /* clipboard.png in Resources */ = {isa = PBXBuildFile; fileRef = DB46FE461B58510000FEB0B0 /* clipboard.png */; };
		DB46FE521B58510000FEB0B0 /* close.png in Resources */ = {isa = PBXBuildFile; fileRef = DB46FE471B58510000FEB0B0 /* close.png */; };
		DB46FE531B58510000FEB0B0 /* email.png in Resources */ = {isa = PBXBuildFile; fileRef = DB46FE481B58510000FEB0B0 /* email.png */; };
		DB46FE541B58510000FEB0B0 /* facebook.png in Resources */ = {isa = PBXBuildFile; fileRef = DB46FE491B58510000FEB0B0 /* facebook.png */; };
		DB46FE551B58510000FEB0B0 /* pencil.png in Resources */ = {isa = PBXBuildFile; fileRef = DB46FE4A1B58510000FEB0B0 /* pencil.png */; };
		DB46FE561B58510000FEB0B0 /* plus.png in Resources */ = {isa = PBXBuildFile; fileRef = DB46FE4B1B58510000FEB0B0 /* plus.png */; };
		DB46FE571B58510000FEB0B0 /* search.png in Resources */ = {isa = PBXBuildFile; fileRef = DB46FE4C1B58510000FEB0B0 /* search.png */; };
		DB46FE581B58510000FEB0B0 /* sms.png in Resources */ = {isa = PBXBuildFile; fileRef = DB46FE4D1B58510000FEB0B0 /* sms.png */; };
		DB46FE591B58510000FEB0B0 /* twitter.png in Resources */ = {isa = PBXBuildFile; fileRef = DB46FE4E1B58510000FEB0B0 /* twitter.png */; };
		DB46FE5B1B58513E00FEB0B0 /* linkedin.png in Resources */ = {isa = PBXBuildFile; fileRef = DB46FE5A1B58513E00FEB0B0 /* linkedin.png */; };
		DB46FE5F1B585E0800FEB0B0 /* LinkedInAuthorizeWebView.h in Headers */ = {isa = PBXBuildFile; fileRef = DB46FE5D1B585E0800FEB0B0 /* LinkedInAuthorizeWebView.h */; };
		DB46FE601B585E0800FEB0B0 /* LinkedInAuthorizeWebView.m in Sources */ = {isa = PBXBuildFile; fileRef = DB46FE5E1B585E0800FEB0B0 /* LinkedInAuthorizeWebView.m */; };
		DB46FE631B59386000FEB0B0 /* LinkedInShareViewController.h in Headers */ = {isa = PBXBuildFile; fileRef = DB46FE611B59386000FEB0B0 /* LinkedInShareViewController.h */; };
		DB46FE641B59386000FEB0B0 /* LinkedInShareViewController.m in Sources */ = {isa = PBXBuildFile; fileRef = DB46FE621B59386000FEB0B0 /* LinkedInShareViewController.m */; };
		DB743E7D1B33742F00262293 /* Ambassador.h in Headers */ = {isa = PBXBuildFile; fileRef = DB743E7B1B33742F00262293 /* Ambassador.h */; settings = {ATTRIBUTES = (Public, ); }; };
		DB743E7E1B33742F00262293 /* Ambassador.m in Sources */ = {isa = PBXBuildFile; fileRef = DB743E7C1B33742F00262293 /* Ambassador.m */; };
		DB743E801B3375A700262293 /* Constants.h in Headers */ = {isa = PBXBuildFile; fileRef = DB743E7F1B3375A700262293 /* Constants.h */; };
		DB743E821B3375B300262293 /* Constants.m in Sources */ = {isa = PBXBuildFile; fileRef = DB743E811B3375B300262293 /* Constants.m */; };
		DB9013C81B2A03CD001F1CF8 /* iOS_Framework.h in Headers */ = {isa = PBXBuildFile; fileRef = DB9013C71B2A03CD001F1CF8 /* iOS_Framework.h */; settings = {ATTRIBUTES = (Public, ); }; };
		DB9013CE1B2A03CD001F1CF8 /* iOS_Framework.framework in Frameworks */ = {isa = PBXBuildFile; fileRef = DB9013C21B2A03CD001F1CF8 /* iOS_Framework.framework */; };
		DB9013D51B2A03CD001F1CF8 /* iOS_FrameworkTests.m in Sources */ = {isa = PBXBuildFile; fileRef = DB9013D41B2A03CD001F1CF8 /* iOS_FrameworkTests.m */; };
		DBFA134B1B34BF1800620985 /* Identify.h in Headers */ = {isa = PBXBuildFile; fileRef = DBFA13491B34BF1800620985 /* Identify.h */; };
		DBFA134C1B34BF1800620985 /* Identify.m in Sources */ = {isa = PBXBuildFile; fileRef = DBFA134A1B34BF1800620985 /* Identify.m */; };
/* End PBXBuildFile section */

/* Begin PBXContainerItemProxy section */
		DB9013CF1B2A03CD001F1CF8 /* PBXContainerItemProxy */ = {
			isa = PBXContainerItemProxy;
			containerPortal = DB9013B91B2A03CD001F1CF8 /* Project object */;
			proxyType = 1;
			remoteGlobalIDString = DB9013C11B2A03CD001F1CF8;
			remoteInfo = iOS_Framework;
		};
/* End PBXContainerItemProxy section */

/* Begin PBXFileReference section */
		3808F65075B06D5CEA1B4720 /* libPods.a */ = {isa = PBXFileReference; explicitFileType = archive.ar; includeInIndex = 0; path = libPods.a; sourceTree = BUILT_PRODUCTS_DIR; };
		A2FE29966919422FC00FE524 /* Pods.release.xcconfig */ = {isa = PBXFileReference; includeInIndex = 1; lastKnownFileType = text.xcconfig; name = Pods.release.xcconfig; path = "Pods/Target Support Files/Pods/Pods.release.xcconfig"; sourceTree = "<group>"; };
		B86B9A260D26D9787B6A18FE /* Pods.debug.xcconfig */ = {isa = PBXFileReference; includeInIndex = 1; lastKnownFileType = text.xcconfig; name = Pods.debug.xcconfig; path = "Pods/Target Support Files/Pods/Pods.debug.xcconfig"; sourceTree = "<group>"; };
		DB0F49451B419DCC00CCE614 /* ConversionParameters.h */ = {isa = PBXFileReference; fileEncoding = 4; lastKnownFileType = sourcecode.c.h; path = ConversionParameters.h; sourceTree = "<group>"; };
		DB0F49461B419DCC00CCE614 /* ConversionParameters.m */ = {isa = PBXFileReference; fileEncoding = 4; lastKnownFileType = sourcecode.c.objc; path = ConversionParameters.m; sourceTree = "<group>"; };
		DB0F49491B419DF000CCE614 /* Conversion.h */ = {isa = PBXFileReference; fileEncoding = 4; lastKnownFileType = sourcecode.c.h; path = Conversion.h; sourceTree = "<group>"; };
		DB0F494A1B419DF000CCE614 /* Conversion.m */ = {isa = PBXFileReference; fileEncoding = 4; lastKnownFileType = sourcecode.c.objc; path = Conversion.m; sourceTree = "<group>"; };
		DB0F494E1B41A12500CCE614 /* LICENSE.txt */ = {isa = PBXFileReference; fileEncoding = 4; lastKnownFileType = text; path = LICENSE.txt; sourceTree = "<group>"; };
		DB0F496A1B41A14500CCE614 /* FMDatabase.h */ = {isa = PBXFileReference; fileEncoding = 4; lastKnownFileType = sourcecode.c.h; path = FMDatabase.h; sourceTree = "<group>"; };
		DB0F496B1B41A14500CCE614 /* FMDatabase.m */ = {isa = PBXFileReference; fileEncoding = 4; lastKnownFileType = sourcecode.c.objc; path = FMDatabase.m; sourceTree = "<group>"; };
		DB0F496C1B41A14500CCE614 /* FMDatabaseAdditions.h */ = {isa = PBXFileReference; fileEncoding = 4; lastKnownFileType = sourcecode.c.h; path = FMDatabaseAdditions.h; sourceTree = "<group>"; };
		DB0F496D1B41A14500CCE614 /* FMDatabaseAdditions.m */ = {isa = PBXFileReference; fileEncoding = 4; lastKnownFileType = sourcecode.c.objc; path = FMDatabaseAdditions.m; sourceTree = "<group>"; };
		DB0F496E1B41A14500CCE614 /* FMDatabasePool.h */ = {isa = PBXFileReference; fileEncoding = 4; lastKnownFileType = sourcecode.c.h; path = FMDatabasePool.h; sourceTree = "<group>"; };
		DB0F496F1B41A14500CCE614 /* FMDatabasePool.m */ = {isa = PBXFileReference; fileEncoding = 4; lastKnownFileType = sourcecode.c.objc; path = FMDatabasePool.m; sourceTree = "<group>"; };
		DB0F49701B41A14500CCE614 /* FMDatabaseQueue.h */ = {isa = PBXFileReference; fileEncoding = 4; lastKnownFileType = sourcecode.c.h; path = FMDatabaseQueue.h; sourceTree = "<group>"; };
		DB0F49711B41A14500CCE614 /* FMDatabaseQueue.m */ = {isa = PBXFileReference; fileEncoding = 4; lastKnownFileType = sourcecode.c.objc; path = FMDatabaseQueue.m; sourceTree = "<group>"; };
		DB0F49721B41A14500CCE614 /* FMDB.h */ = {isa = PBXFileReference; fileEncoding = 4; lastKnownFileType = sourcecode.c.h; path = FMDB.h; sourceTree = "<group>"; };
		DB0F49731B41A14500CCE614 /* FMResultSet.h */ = {isa = PBXFileReference; fileEncoding = 4; lastKnownFileType = sourcecode.c.h; path = FMResultSet.h; sourceTree = "<group>"; };
		DB0F49741B41A14500CCE614 /* FMResultSet.m */ = {isa = PBXFileReference; fileEncoding = 4; lastKnownFileType = sourcecode.c.objc; path = FMResultSet.m; sourceTree = "<group>"; };
		DB0F49801B41AA9300CCE614 /* libsqlite3.dylib */ = {isa = PBXFileReference; lastKnownFileType = "compiled.mach-o.dylib"; name = libsqlite3.dylib; path = usr/lib/libsqlite3.dylib; sourceTree = SDKROOT; };
		DB2614561B5979F50021A55D /* ComposeMessageVC.h */ = {isa = PBXFileReference; fileEncoding = 4; lastKnownFileType = sourcecode.c.h; path = ComposeMessageVC.h; sourceTree = "<group>"; };
		DB2614571B5979F50021A55D /* ComposeMessageVC.m */ = {isa = PBXFileReference; fileEncoding = 4; lastKnownFileType = sourcecode.c.objc; path = ComposeMessageVC.m; sourceTree = "<group>"; };
		DB26145A1B5986390021A55D /* RemoveContactButton.h */ = {isa = PBXFileReference; fileEncoding = 4; lastKnownFileType = sourcecode.c.h; path = RemoveContactButton.h; sourceTree = "<group>"; };
		DB26145B1B5986390021A55D /* RemoveContactButton.m */ = {isa = PBXFileReference; fileEncoding = 4; lastKnownFileType = sourcecode.c.objc; path = RemoveContactButton.m; sourceTree = "<group>"; };
		DB26145C1B5986390021A55D /* SelectedTableVC.h */ = {isa = PBXFileReference; fileEncoding = 4; lastKnownFileType = sourcecode.c.h; path = SelectedTableVC.h; sourceTree = "<group>"; };
		DB26145D1B5986390021A55D /* SelectedTableVC.m */ = {isa = PBXFileReference; fileEncoding = 4; lastKnownFileType = sourcecode.c.objc; path = SelectedTableVC.m; sourceTree = "<group>"; };
		DB26145E1B5986390021A55D /* SelectedListTableCell.h */ = {isa = PBXFileReference; fileEncoding = 4; lastKnownFileType = sourcecode.c.h; path = SelectedListTableCell.h; sourceTree = "<group>"; };
		DB26145F1B5986390021A55D /* SelectedListTableCell.m */ = {isa = PBXFileReference; fileEncoding = 4; lastKnownFileType = sourcecode.c.objc; path = SelectedListTableCell.m; sourceTree = "<group>"; };
		DB2614601B5986390021A55D /* ContactListTableCell.h */ = {isa = PBXFileReference; fileEncoding = 4; lastKnownFileType = sourcecode.c.h; path = ContactListTableCell.h; sourceTree = "<group>"; };
		DB2614611B5986390021A55D /* ContactListTableCell.m */ = {isa = PBXFileReference; fileEncoding = 4; lastKnownFileType = sourcecode.c.objc; path = ContactListTableCell.m; sourceTree = "<group>"; };
		DB2614621B5986390021A55D /* ContactsTableVC.h */ = {isa = PBXFileReference; fileEncoding = 4; lastKnownFileType = sourcecode.c.h; path = ContactsTableVC.h; sourceTree = "<group>"; };
		DB2614631B5986390021A55D /* ContactsTableVC.m */ = {isa = PBXFileReference; fileEncoding = 4; lastKnownFileType = sourcecode.c.objc; path = ContactsTableVC.m; sourceTree = "<group>"; };
		DB2614641B5986390021A55D /* ContactSelectionViewController.h */ = {isa = PBXFileReference; fileEncoding = 4; lastKnownFileType = sourcecode.c.h; path = ContactSelectionViewController.h; sourceTree = "<group>"; };
		DB2614651B5986390021A55D /* ContactSelectionViewController.m */ = {isa = PBXFileReference; fileEncoding = 4; lastKnownFileType = sourcecode.c.objc; path = ContactSelectionViewController.m; sourceTree = "<group>"; };
		DB46FE131B57EAA400FEB0B0 /* Utilities.h */ = {isa = PBXFileReference; fileEncoding = 4; lastKnownFileType = sourcecode.c.h; path = Utilities.h; sourceTree = "<group>"; };
		DB46FE141B57EAA400FEB0B0 /* Utilities.m */ = {isa = PBXFileReference; fileEncoding = 4; lastKnownFileType = sourcecode.c.objc; path = Utilities.m; sourceTree = "<group>"; };
		DB46FE2F1B58264B00FEB0B0 /* RAFNavigationController.h */ = {isa = PBXFileReference; fileEncoding = 4; lastKnownFileType = sourcecode.c.h; path = RAFNavigationController.h; sourceTree = "<group>"; };
		DB46FE301B58264B00FEB0B0 /* RAFNavigationController.m */ = {isa = PBXFileReference; fileEncoding = 4; lastKnownFileType = sourcecode.c.objc; path = RAFNavigationController.m; sourceTree = "<group>"; };
		DB46FE341B5827E300FEB0B0 /* RAFShareScreen.h */ = {isa = PBXFileReference; fileEncoding = 4; lastKnownFileType = sourcecode.c.h; path = RAFShareScreen.h; sourceTree = "<group>"; };
		DB46FE351B5827E300FEB0B0 /* RAFShareScreen.m */ = {isa = PBXFileReference; fileEncoding = 4; lastKnownFileType = sourcecode.c.objc; path = RAFShareScreen.m; sourceTree = "<group>"; };
		DB46FE381B58281400FEB0B0 /* ShareServiceCell.h */ = {isa = PBXFileReference; fileEncoding = 4; lastKnownFileType = sourcecode.c.h; path = ShareServiceCell.h; sourceTree = "<group>"; };
		DB46FE391B58281400FEB0B0 /* ShareServiceCell.m */ = {isa = PBXFileReference; fileEncoding = 4; lastKnownFileType = sourcecode.c.objc; path = ShareServiceCell.m; sourceTree = "<group>"; };
		DB46FE3C1B58321D00FEB0B0 /* ContactLoader.h */ = {isa = PBXFileReference; fileEncoding = 4; lastKnownFileType = sourcecode.c.h; path = ContactLoader.h; sourceTree = "<group>"; };
		DB46FE3D1B58321D00FEB0B0 /* ContactLoader.m */ = {isa = PBXFileReference; fileEncoding = 4; lastKnownFileType = sourcecode.c.objc; path = ContactLoader.m; sourceTree = "<group>"; };
		DB46FE3E1B58321D00FEB0B0 /* Contact.h */ = {isa = PBXFileReference; fileEncoding = 4; lastKnownFileType = sourcecode.c.h; path = Contact.h; sourceTree = "<group>"; };
		DB46FE3F1B58321D00FEB0B0 /* Contact.m */ = {isa = PBXFileReference; fileEncoding = 4; lastKnownFileType = sourcecode.c.objc; path = Contact.m; sourceTree = "<group>"; };
		DB46FE441B58510000FEB0B0 /* back.png */ = {isa = PBXFileReference; lastKnownFileType = image.png; path = back.png; sourceTree = "<group>"; };
		DB46FE451B58510000FEB0B0 /* check.png */ = {isa = PBXFileReference; lastKnownFileType = image.png; path = check.png; sourceTree = "<group>"; };
		DB46FE461B58510000FEB0B0 /* clipboard.png */ = {isa = PBXFileReference; lastKnownFileType = image.png; path = clipboard.png; sourceTree = "<group>"; };
		DB46FE471B58510000FEB0B0 /* close.png */ = {isa = PBXFileReference; lastKnownFileType = image.png; path = close.png; sourceTree = "<group>"; };
		DB46FE481B58510000FEB0B0 /* email.png */ = {isa = PBXFileReference; lastKnownFileType = image.png; path = email.png; sourceTree = "<group>"; };
		DB46FE491B58510000FEB0B0 /* facebook.png */ = {isa = PBXFileReference; lastKnownFileType = image.png; path = facebook.png; sourceTree = "<group>"; };
		DB46FE4A1B58510000FEB0B0 /* pencil.png */ = {isa = PBXFileReference; lastKnownFileType = image.png; path = pencil.png; sourceTree = "<group>"; };
		DB46FE4B1B58510000FEB0B0 /* plus.png */ = {isa = PBXFileReference; lastKnownFileType = image.png; path = plus.png; sourceTree = "<group>"; };
		DB46FE4C1B58510000FEB0B0 /* search.png */ = {isa = PBXFileReference; lastKnownFileType = image.png; path = search.png; sourceTree = "<group>"; };
		DB46FE4D1B58510000FEB0B0 /* sms.png */ = {isa = PBXFileReference; lastKnownFileType = image.png; path = sms.png; sourceTree = "<group>"; };
		DB46FE4E1B58510000FEB0B0 /* twitter.png */ = {isa = PBXFileReference; lastKnownFileType = image.png; path = twitter.png; sourceTree = "<group>"; };
		DB46FE5A1B58513E00FEB0B0 /* linkedin.png */ = {isa = PBXFileReference; lastKnownFileType = image.png; path = linkedin.png; sourceTree = "<group>"; };
		DB46FE5D1B585E0800FEB0B0 /* LinkedInAuthorizeWebView.h */ = {isa = PBXFileReference; fileEncoding = 4; lastKnownFileType = sourcecode.c.h; path = LinkedInAuthorizeWebView.h; sourceTree = "<group>"; };
		DB46FE5E1B585E0800FEB0B0 /* LinkedInAuthorizeWebView.m */ = {isa = PBXFileReference; fileEncoding = 4; lastKnownFileType = sourcecode.c.objc; path = LinkedInAuthorizeWebView.m; sourceTree = "<group>"; };
		DB46FE611B59386000FEB0B0 /* LinkedInShareViewController.h */ = {isa = PBXFileReference; fileEncoding = 4; lastKnownFileType = sourcecode.c.h; path = LinkedInShareViewController.h; sourceTree = "<group>"; };
		DB46FE621B59386000FEB0B0 /* LinkedInShareViewController.m */ = {isa = PBXFileReference; fileEncoding = 4; lastKnownFileType = sourcecode.c.objc; path = LinkedInShareViewController.m; sourceTree = "<group>"; };
		DB743E7B1B33742F00262293 /* Ambassador.h */ = {isa = PBXFileReference; fileEncoding = 4; lastKnownFileType = sourcecode.c.h; path = Ambassador.h; sourceTree = "<group>"; };
		DB743E7C1B33742F00262293 /* Ambassador.m */ = {isa = PBXFileReference; fileEncoding = 4; lastKnownFileType = sourcecode.c.objc; path = Ambassador.m; sourceTree = "<group>"; };
		DB743E7F1B3375A700262293 /* Constants.h */ = {isa = PBXFileReference; fileEncoding = 4; lastKnownFileType = sourcecode.c.h; path = Constants.h; sourceTree = "<group>"; };
		DB743E811B3375B300262293 /* Constants.m */ = {isa = PBXFileReference; fileEncoding = 4; lastKnownFileType = sourcecode.c.objc; path = Constants.m; sourceTree = "<group>"; };
		DB9013C21B2A03CD001F1CF8 /* iOS_Framework.framework */ = {isa = PBXFileReference; explicitFileType = wrapper.framework; includeInIndex = 0; path = iOS_Framework.framework; sourceTree = BUILT_PRODUCTS_DIR; };
		DB9013C61B2A03CD001F1CF8 /* Info.plist */ = {isa = PBXFileReference; lastKnownFileType = text.plist.xml; path = Info.plist; sourceTree = "<group>"; };
		DB9013C71B2A03CD001F1CF8 /* iOS_Framework.h */ = {isa = PBXFileReference; lastKnownFileType = sourcecode.c.h; path = iOS_Framework.h; sourceTree = "<group>"; };
		DB9013CD1B2A03CD001F1CF8 /* iOS_FrameworkTests.xctest */ = {isa = PBXFileReference; explicitFileType = wrapper.cfbundle; includeInIndex = 0; path = iOS_FrameworkTests.xctest; sourceTree = BUILT_PRODUCTS_DIR; };
		DB9013D31B2A03CD001F1CF8 /* Info.plist */ = {isa = PBXFileReference; lastKnownFileType = text.plist.xml; path = Info.plist; sourceTree = "<group>"; };
		DB9013D41B2A03CD001F1CF8 /* iOS_FrameworkTests.m */ = {isa = PBXFileReference; lastKnownFileType = sourcecode.c.objc; path = iOS_FrameworkTests.m; sourceTree = "<group>"; };
		DBFA13491B34BF1800620985 /* Identify.h */ = {isa = PBXFileReference; fileEncoding = 4; lastKnownFileType = sourcecode.c.h; path = Identify.h; sourceTree = "<group>"; };
		DBFA134A1B34BF1800620985 /* Identify.m */ = {isa = PBXFileReference; fileEncoding = 4; lastKnownFileType = sourcecode.c.objc; path = Identify.m; sourceTree = "<group>"; };
/* End PBXFileReference section */

/* Begin PBXFrameworksBuildPhase section */
		DB9013BE1B2A03CD001F1CF8 /* Frameworks */ = {
			isa = PBXFrameworksBuildPhase;
			buildActionMask = 2147483647;
			files = (
				DB0F49811B41AA9300CCE614 /* libsqlite3.dylib in Frameworks */,
				1D2E8E491461B8DDB2DB5101 /* libPods.a in Frameworks */,
			);
			runOnlyForDeploymentPostprocessing = 0;
		};
		DB9013CA1B2A03CD001F1CF8 /* Frameworks */ = {
			isa = PBXFrameworksBuildPhase;
			buildActionMask = 2147483647;
			files = (
				DB9013CE1B2A03CD001F1CF8 /* iOS_Framework.framework in Frameworks */,
			);
			runOnlyForDeploymentPostprocessing = 0;
		};
/* End PBXFrameworksBuildPhase section */

/* Begin PBXGroup section */
		470C8A5CE4571560F1944B97 /* Frameworks */ = {
			isa = PBXGroup;
			children = (
				3808F65075B06D5CEA1B4720 /* libPods.a */,
			);
			name = Frameworks;
			sourceTree = "<group>";
		};
		6801C2BD5C92486B97622659 /* Pods */ = {
			isa = PBXGroup;
			children = (
				B86B9A260D26D9787B6A18FE /* Pods.debug.xcconfig */,
				A2FE29966919422FC00FE524 /* Pods.release.xcconfig */,
			);
			name = Pods;
			sourceTree = "<group>";
		};
		DB0F49011B3B4B7400CCE614 /* Conversion */ = {
			isa = PBXGroup;
			children = (
				DB0F49451B419DCC00CCE614 /* ConversionParameters.h */,
				DB0F49461B419DCC00CCE614 /* ConversionParameters.m */,
				DB0F49491B419DF000CCE614 /* Conversion.h */,
				DB0F494A1B419DF000CCE614 /* Conversion.m */,
			);
			name = Conversion;
			sourceTree = "<group>";
		};
		DB0F49021B3B4B8E00CCE614 /* Singleton */ = {
			isa = PBXGroup;
			children = (
				DB743E7B1B33742F00262293 /* Ambassador.h */,
				DB743E7C1B33742F00262293 /* Ambassador.m */,
			);
			name = Singleton;
			sourceTree = "<group>";
		};
		DB0F49031B3B4BB300CCE614 /* Identify */ = {
			isa = PBXGroup;
			children = (
				DBFA13491B34BF1800620985 /* Identify.h */,
				DBFA134A1B34BF1800620985 /* Identify.m */,
			);
			name = Identify;
			sourceTree = "<group>";
		};
		DB0F494D1B41A0FF00CCE614 /* SQLite */ = {
			isa = PBXGroup;
			children = (
				DB0F494E1B41A12500CCE614 /* LICENSE.txt */,
				DB0F496A1B41A14500CCE614 /* FMDatabase.h */,
				DB0F496B1B41A14500CCE614 /* FMDatabase.m */,
				DB0F496C1B41A14500CCE614 /* FMDatabaseAdditions.h */,
				DB0F496D1B41A14500CCE614 /* FMDatabaseAdditions.m */,
				DB0F496E1B41A14500CCE614 /* FMDatabasePool.h */,
				DB0F496F1B41A14500CCE614 /* FMDatabasePool.m */,
				DB0F49701B41A14500CCE614 /* FMDatabaseQueue.h */,
				DB0F49711B41A14500CCE614 /* FMDatabaseQueue.m */,
				DB0F49721B41A14500CCE614 /* FMDB.h */,
				DB0F49731B41A14500CCE614 /* FMResultSet.h */,
				DB0F49741B41A14500CCE614 /* FMResultSet.m */,
			);
			name = SQLite;
			sourceTree = "<group>";
		};
		DB2614541B5979300021A55D /* Contact Selector */ = {
			isa = PBXGroup;
			children = (
				DB2614741B5996040021A55D /* Main View */,
			);
			name = "Contact Selector";
			sourceTree = "<group>";
		};
		DB2614551B5979E10021A55D /* Compose Message VC */ = {
			isa = PBXGroup;
			children = (
				DB2614561B5979F50021A55D /* ComposeMessageVC.h */,
				DB2614571B5979F50021A55D /* ComposeMessageVC.m */,
			);
			name = "Compose Message VC";
			sourceTree = "<group>";
		};
		DB2614721B5995EF0021A55D /* Right View */ = {
			isa = PBXGroup;
			children = (
				DB26145A1B5986390021A55D /* RemoveContactButton.h */,
				DB26145B1B5986390021A55D /* RemoveContactButton.m */,
				DB26145C1B5986390021A55D /* SelectedTableVC.h */,
				DB26145D1B5986390021A55D /* SelectedTableVC.m */,
				DB26145E1B5986390021A55D /* SelectedListTableCell.h */,
				DB26145F1B5986390021A55D /* SelectedListTableCell.m */,
			);
			name = "Right View";
			sourceTree = "<group>";
		};
		DB2614731B5995FC0021A55D /* Left View */ = {
			isa = PBXGroup;
			children = (
				DB2614601B5986390021A55D /* ContactListTableCell.h */,
				DB2614611B5986390021A55D /* ContactListTableCell.m */,
				DB2614621B5986390021A55D /* ContactsTableVC.h */,
				DB2614631B5986390021A55D /* ContactsTableVC.m */,
			);
			name = "Left View";
			sourceTree = "<group>";
		};
		DB2614741B5996040021A55D /* Main View */ = {
			isa = PBXGroup;
			children = (
				DB2614641B5986390021A55D /* ContactSelectionViewController.h */,
				DB2614651B5986390021A55D /* ContactSelectionViewController.m */,
				DB2614731B5995FC0021A55D /* Left View */,
				DB2614721B5995EF0021A55D /* Right View */,
				DB2614551B5979E10021A55D /* Compose Message VC */,
			);
			name = "Main View";
			sourceTree = "<group>";
		};
		DB46FE2E1B58261600FEB0B0 /* RAF */ = {
			isa = PBXGroup;
			children = (
				DB46FE2F1B58264B00FEB0B0 /* RAFNavigationController.h */,
				DB46FE301B58264B00FEB0B0 /* RAFNavigationController.m */,
				DB46FE3C1B58321D00FEB0B0 /* ContactLoader.h */,
				DB46FE3D1B58321D00FEB0B0 /* ContactLoader.m */,
				DB46FE3E1B58321D00FEB0B0 /* Contact.h */,
				DB46FE3F1B58321D00FEB0B0 /* Contact.m */,
				DB2614541B5979300021A55D /* Contact Selector */,
				DB46FE5C1B585DCB00FEB0B0 /* LinkedIn */,
				DB46FE331B58267A00FEB0B0 /* RAF Share Screen */,
			);
			name = RAF;
			sourceTree = "<group>";
		};
		DB46FE331B58267A00FEB0B0 /* RAF Share Screen */ = {
			isa = PBXGroup;
			children = (
				DB46FE341B5827E300FEB0B0 /* RAFShareScreen.h */,
				DB46FE351B5827E300FEB0B0 /* RAFShareScreen.m */,
				DB46FE381B58281400FEB0B0 /* ShareServiceCell.h */,
				DB46FE391B58281400FEB0B0 /* ShareServiceCell.m */,
			);
			name = "RAF Share Screen";
			sourceTree = "<group>";
		};
		DB46FE5C1B585DCB00FEB0B0 /* LinkedIn */ = {
			isa = PBXGroup;
			children = (
				DB46FE5D1B585E0800FEB0B0 /* LinkedInAuthorizeWebView.h */,
				DB46FE5E1B585E0800FEB0B0 /* LinkedInAuthorizeWebView.m */,
				DB46FE611B59386000FEB0B0 /* LinkedInShareViewController.h */,
				DB46FE621B59386000FEB0B0 /* LinkedInShareViewController.m */,
			);
			name = LinkedIn;
			sourceTree = "<group>";
		};
		DB9013B81B2A03CD001F1CF8 = {
			isa = PBXGroup;
			children = (
				DB0F49801B41AA9300CCE614 /* libsqlite3.dylib */,
				DB9013C41B2A03CD001F1CF8 /* iOS_Framework */,
				DB9013D11B2A03CD001F1CF8 /* iOS_FrameworkTests */,
				DB9013C31B2A03CD001F1CF8 /* Products */,
				6801C2BD5C92486B97622659 /* Pods */,
				470C8A5CE4571560F1944B97 /* Frameworks */,
			);
			sourceTree = "<group>";
		};
		DB9013C31B2A03CD001F1CF8 /* Products */ = {
			isa = PBXGroup;
			children = (
				DB9013C21B2A03CD001F1CF8 /* iOS_Framework.framework */,
				DB9013CD1B2A03CD001F1CF8 /* iOS_FrameworkTests.xctest */,
			);
			name = Products;
			sourceTree = "<group>";
		};
		DB9013C41B2A03CD001F1CF8 /* iOS_Framework */ = {
			isa = PBXGroup;
			children = (
				DB9013C71B2A03CD001F1CF8 /* iOS_Framework.h */,
				DB743E7F1B3375A700262293 /* Constants.h */,
				DB743E811B3375B300262293 /* Constants.m */,
				DB46FE131B57EAA400FEB0B0 /* Utilities.h */,
				DB46FE141B57EAA400FEB0B0 /* Utilities.m */,
				DB46FE2E1B58261600FEB0B0 /* RAF */,
				DB0F494D1B41A0FF00CCE614 /* SQLite */,
				DB0F49011B3B4B7400CCE614 /* Conversion */,
				DB0F49021B3B4B8E00CCE614 /* Singleton */,
				DB0F49031B3B4BB300CCE614 /* Identify */,
				DB9013C51B2A03CD001F1CF8 /* Supporting Files */,
			);
			path = iOS_Framework;
			sourceTree = "<group>";
		};
		DB9013C51B2A03CD001F1CF8 /* Supporting Files */ = {
			isa = PBXGroup;
			children = (
				DB46FE441B58510000FEB0B0 /* back.png */,
				DB46FE451B58510000FEB0B0 /* check.png */,
				DB46FE461B58510000FEB0B0 /* clipboard.png */,
				DB46FE471B58510000FEB0B0 /* close.png */,
				DB46FE481B58510000FEB0B0 /* email.png */,
				DB46FE491B58510000FEB0B0 /* facebook.png */,
				DB46FE4A1B58510000FEB0B0 /* pencil.png */,
				DB46FE4B1B58510000FEB0B0 /* plus.png */,
				DB46FE5A1B58513E00FEB0B0 /* linkedin.png */,
				DB46FE4C1B58510000FEB0B0 /* search.png */,
				DB46FE4D1B58510000FEB0B0 /* sms.png */,
				DB46FE4E1B58510000FEB0B0 /* twitter.png */,
				DB9013C61B2A03CD001F1CF8 /* Info.plist */,
			);
			name = "Supporting Files";
			sourceTree = "<group>";
		};
		DB9013D11B2A03CD001F1CF8 /* iOS_FrameworkTests */ = {
			isa = PBXGroup;
			children = (
				DB9013D41B2A03CD001F1CF8 /* iOS_FrameworkTests.m */,
				DB9013D21B2A03CD001F1CF8 /* Supporting Files */,
			);
			path = iOS_FrameworkTests;
			sourceTree = "<group>";
		};
		DB9013D21B2A03CD001F1CF8 /* Supporting Files */ = {
			isa = PBXGroup;
			children = (
				DB9013D31B2A03CD001F1CF8 /* Info.plist */,
			);
			name = "Supporting Files";
			sourceTree = "<group>";
		};
/* End PBXGroup section */

/* Begin PBXHeadersBuildPhase section */
		DB9013BF1B2A03CD001F1CF8 /* Headers */ = {
			isa = PBXHeadersBuildPhase;
			buildActionMask = 2147483647;
			files = (
				DB0F49771B41A14500CCE614 /* FMDatabaseAdditions.h in Headers */,
				DB0F497B1B41A14500CCE614 /* FMDatabaseQueue.h in Headers */,
				DB26146A1B5986390021A55D /* SelectedListTableCell.h in Headers */,
				DB0F49471B419DCC00CCE614 /* ConversionParameters.h in Headers */,
				DB2614681B5986390021A55D /* SelectedTableVC.h in Headers */,
				DB26146E1B5986390021A55D /* ContactsTableVC.h in Headers */,
				DB46FE631B59386000FEB0B0 /* LinkedInShareViewController.h in Headers */,
				DB2614701B5986390021A55D /* ContactSelectionViewController.h in Headers */,
				DB46FE361B5827E300FEB0B0 /* RAFShareScreen.h in Headers */,
				DB2614661B5986390021A55D /* RemoveContactButton.h in Headers */,
				DB0F49751B41A14500CCE614 /* FMDatabase.h in Headers */,
				DB26146C1B5986390021A55D /* ContactListTableCell.h in Headers */,
				DBFA134B1B34BF1800620985 /* Identify.h in Headers */,
				DB0F497E1B41A14500CCE614 /* FMResultSet.h in Headers */,
				DB46FE421B58321D00FEB0B0 /* Contact.h in Headers */,
				DB0F497D1B41A14500CCE614 /* FMDB.h in Headers */,
				DB0F494B1B419DF000CCE614 /* Conversion.h in Headers */,
				DB2614581B5979F50021A55D /* ComposeMessageVC.h in Headers */,
				DB46FE5F1B585E0800FEB0B0 /* LinkedInAuthorizeWebView.h in Headers */,
				DB9013C81B2A03CD001F1CF8 /* iOS_Framework.h in Headers */,
				DB0F49791B41A14500CCE614 /* FMDatabasePool.h in Headers */,
				DB46FE151B57EAA400FEB0B0 /* Utilities.h in Headers */,
				DB46FE3A1B58281400FEB0B0 /* ShareServiceCell.h in Headers */,
				DB743E7D1B33742F00262293 /* Ambassador.h in Headers */,
				DB46FE311B58264B00FEB0B0 /* RAFNavigationController.h in Headers */,
				DB743E801B3375A700262293 /* Constants.h in Headers */,
				DB46FE401B58321D00FEB0B0 /* ContactLoader.h in Headers */,
			);
			runOnlyForDeploymentPostprocessing = 0;
		};
/* End PBXHeadersBuildPhase section */

/* Begin PBXNativeTarget section */
		DB9013C11B2A03CD001F1CF8 /* iOS_Framework */ = {
			isa = PBXNativeTarget;
			buildConfigurationList = DB9013D81B2A03CD001F1CF8 /* Build configuration list for PBXNativeTarget "iOS_Framework" */;
			buildPhases = (
				E0C06AF3223972E5B508811C /* Check Pods Manifest.lock */,
				DB9013BD1B2A03CD001F1CF8 /* Sources */,
				DB9013BE1B2A03CD001F1CF8 /* Frameworks */,
				DB9013BF1B2A03CD001F1CF8 /* Headers */,
				DB9013C01B2A03CD001F1CF8 /* Resources */,
				D29855B3AA35A4520A151CF6 /* Copy Pods Resources */,
			);
			buildRules = (
			);
			dependencies = (
			);
			name = iOS_Framework;
			productName = iOS_Framework;
			productReference = DB9013C21B2A03CD001F1CF8 /* iOS_Framework.framework */;
			productType = "com.apple.product-type.framework";
		};
		DB9013CC1B2A03CD001F1CF8 /* iOS_FrameworkTests */ = {
			isa = PBXNativeTarget;
			buildConfigurationList = DB9013DB1B2A03CD001F1CF8 /* Build configuration list for PBXNativeTarget "iOS_FrameworkTests" */;
			buildPhases = (
				DB9013C91B2A03CD001F1CF8 /* Sources */,
				DB9013CA1B2A03CD001F1CF8 /* Frameworks */,
				DB9013CB1B2A03CD001F1CF8 /* Resources */,
			);
			buildRules = (
			);
			dependencies = (
				DB9013D01B2A03CD001F1CF8 /* PBXTargetDependency */,
			);
			name = iOS_FrameworkTests;
			productName = iOS_FrameworkTests;
			productReference = DB9013CD1B2A03CD001F1CF8 /* iOS_FrameworkTests.xctest */;
			productType = "com.apple.product-type.bundle.unit-test";
		};
/* End PBXNativeTarget section */

/* Begin PBXProject section */
		DB9013B91B2A03CD001F1CF8 /* Project object */ = {
			isa = PBXProject;
			attributes = {
				LastUpgradeCheck = 0630;
				ORGANIZATIONNAME = Ambassador;
				TargetAttributes = {
					DB9013C11B2A03CD001F1CF8 = {
						CreatedOnToolsVersion = 6.3.1;
					};
					DB9013CC1B2A03CD001F1CF8 = {
						CreatedOnToolsVersion = 6.3.1;
					};
				};
			};
			buildConfigurationList = DB9013BC1B2A03CD001F1CF8 /* Build configuration list for PBXProject "iOS_Framework" */;
			compatibilityVersion = "Xcode 3.2";
			developmentRegion = English;
			hasScannedForEncodings = 0;
			knownRegions = (
				en,
			);
			mainGroup = DB9013B81B2A03CD001F1CF8;
			productRefGroup = DB9013C31B2A03CD001F1CF8 /* Products */;
			projectDirPath = "";
			projectRoot = "";
			targets = (
				DB9013C11B2A03CD001F1CF8 /* iOS_Framework */,
				DB9013CC1B2A03CD001F1CF8 /* iOS_FrameworkTests */,
			);
		};
/* End PBXProject section */

/* Begin PBXResourcesBuildPhase section */
		DB9013C01B2A03CD001F1CF8 /* Resources */ = {
			isa = PBXResourcesBuildPhase;
			buildActionMask = 2147483647;
			files = (
				DB46FE551B58510000FEB0B0 /* pencil.png in Resources */,
				DB46FE511B58510000FEB0B0 /* clipboard.png in Resources */,
				DB46FE581B58510000FEB0B0 /* sms.png in Resources */,
				DB46FE561B58510000FEB0B0 /* plus.png in Resources */,
				DB46FE501B58510000FEB0B0 /* check.png in Resources */,
				DB46FE531B58510000FEB0B0 /* email.png in Resources */,
				DB46FE571B58510000FEB0B0 /* search.png in Resources */,
				DB46FE541B58510000FEB0B0 /* facebook.png in Resources */,
				DB46FE5B1B58513E00FEB0B0 /* linkedin.png in Resources */,
				DB46FE4F1B58510000FEB0B0 /* back.png in Resources */,
				DB46FE591B58510000FEB0B0 /* twitter.png in Resources */,
				DB46FE521B58510000FEB0B0 /* close.png in Resources */,
				DB0F49511B41A12500CCE614 /* LICENSE.txt in Resources */,
			);
			runOnlyForDeploymentPostprocessing = 0;
		};
		DB9013CB1B2A03CD001F1CF8 /* Resources */ = {
			isa = PBXResourcesBuildPhase;
			buildActionMask = 2147483647;
			files = (
			);
			runOnlyForDeploymentPostprocessing = 0;
		};
/* End PBXResourcesBuildPhase section */

/* Begin PBXShellScriptBuildPhase section */
		D29855B3AA35A4520A151CF6 /* Copy Pods Resources */ = {
			isa = PBXShellScriptBuildPhase;
			buildActionMask = 2147483647;
			files = (
			);
			inputPaths = (
			);
			name = "Copy Pods Resources";
			outputPaths = (
			);
			runOnlyForDeploymentPostprocessing = 0;
			shellPath = /bin/sh;
			shellScript = "\"${SRCROOT}/Pods/Target Support Files/Pods/Pods-resources.sh\"\n";
			showEnvVarsInLog = 0;
		};
		E0C06AF3223972E5B508811C /* Check Pods Manifest.lock */ = {
			isa = PBXShellScriptBuildPhase;
			buildActionMask = 2147483647;
			files = (
			);
			inputPaths = (
			);
			name = "Check Pods Manifest.lock";
			outputPaths = (
			);
			runOnlyForDeploymentPostprocessing = 0;
			shellPath = /bin/sh;
			shellScript = "diff \"${PODS_ROOT}/../Podfile.lock\" \"${PODS_ROOT}/Manifest.lock\" > /dev/null\nif [[ $? != 0 ]] ; then\n    cat << EOM\nerror: The sandbox is not in sync with the Podfile.lock. Run 'pod install' or update your CocoaPods installation.\nEOM\n    exit 1\nfi\n";
			showEnvVarsInLog = 0;
		};
/* End PBXShellScriptBuildPhase section */

/* Begin PBXSourcesBuildPhase section */
		DB9013BD1B2A03CD001F1CF8 /* Sources */ = {
			isa = PBXSourcesBuildPhase;
			buildActionMask = 2147483647;
			files = (
				DB2614691B5986390021A55D /* SelectedTableVC.m in Sources */,
				DB2614591B5979F50021A55D /* ComposeMessageVC.m in Sources */,
				DB46FE431B58321D00FEB0B0 /* Contact.m in Sources */,
				DBFA134C1B34BF1800620985 /* Identify.m in Sources */,
				DB26146F1B5986390021A55D /* ContactsTableVC.m in Sources */,
				DB46FE411B58321D00FEB0B0 /* ContactLoader.m in Sources */,
				DB0F494C1B419DF000CCE614 /* Conversion.m in Sources */,
				DB0F49761B41A14500CCE614 /* FMDatabase.m in Sources */,
				DB0F497C1B41A14500CCE614 /* FMDatabaseQueue.m in Sources */,
				DB46FE641B59386000FEB0B0 /* LinkedInShareViewController.m in Sources */,
				DB26146B1B5986390021A55D /* SelectedListTableCell.m in Sources */,
				DB0F497F1B41A14500CCE614 /* FMResultSet.m in Sources */,
				DB46FE321B58264B00FEB0B0 /* RAFNavigationController.m in Sources */,
				DB26146D1B5986390021A55D /* ContactListTableCell.m in Sources */,
				DB2614671B5986390021A55D /* RemoveContactButton.m in Sources */,
				DB46FE601B585E0800FEB0B0 /* LinkedInAuthorizeWebView.m in Sources */,
				DB743E7E1B33742F00262293 /* Ambassador.m in Sources */,
				DB46FE161B57EAA400FEB0B0 /* Utilities.m in Sources */,
				DB2614711B5986390021A55D /* ContactSelectionViewController.m in Sources */,
				DB0F49781B41A14500CCE614 /* FMDatabaseAdditions.m in Sources */,
				DB46FE3B1B58281400FEB0B0 /* ShareServiceCell.m in Sources */,
				DB743E821B3375B300262293 /* Constants.m in Sources */,
				DB46FE371B5827E300FEB0B0 /* RAFShareScreen.m in Sources */,
				DB0F497A1B41A14500CCE614 /* FMDatabasePool.m in Sources */,
				DB0F49481B419DCC00CCE614 /* ConversionParameters.m in Sources */,
			);
			runOnlyForDeploymentPostprocessing = 0;
		};
		DB9013C91B2A03CD001F1CF8 /* Sources */ = {
			isa = PBXSourcesBuildPhase;
			buildActionMask = 2147483647;
			files = (
				DB9013D51B2A03CD001F1CF8 /* iOS_FrameworkTests.m in Sources */,
			);
			runOnlyForDeploymentPostprocessing = 0;
		};
/* End PBXSourcesBuildPhase section */

/* Begin PBXTargetDependency section */
		DB9013D01B2A03CD001F1CF8 /* PBXTargetDependency */ = {
			isa = PBXTargetDependency;
			target = DB9013C11B2A03CD001F1CF8 /* iOS_Framework */;
			targetProxy = DB9013CF1B2A03CD001F1CF8 /* PBXContainerItemProxy */;
		};
/* End PBXTargetDependency section */

/* Begin XCBuildConfiguration section */
		DB9013D61B2A03CD001F1CF8 /* Debug */ = {
			isa = XCBuildConfiguration;
			buildSettings = {
				ALWAYS_SEARCH_USER_PATHS = NO;
				CLANG_CXX_LANGUAGE_STANDARD = "gnu++0x";
				CLANG_CXX_LIBRARY = "libc++";
				CLANG_ENABLE_MODULES = YES;
				CLANG_ENABLE_OBJC_ARC = YES;
				CLANG_WARN_BOOL_CONVERSION = YES;
				CLANG_WARN_CONSTANT_CONVERSION = YES;
				CLANG_WARN_DIRECT_OBJC_ISA_USAGE = YES_ERROR;
				CLANG_WARN_EMPTY_BODY = YES;
				CLANG_WARN_ENUM_CONVERSION = YES;
				CLANG_WARN_INT_CONVERSION = YES;
				CLANG_WARN_OBJC_ROOT_CLASS = YES_ERROR;
				CLANG_WARN_UNREACHABLE_CODE = YES;
				CLANG_WARN__DUPLICATE_METHOD_MATCH = YES;
				"CODE_SIGN_IDENTITY[sdk=iphoneos*]" = "iPhone Developer";
				COPY_PHASE_STRIP = NO;
				CURRENT_PROJECT_VERSION = 1;
				DEBUG_INFORMATION_FORMAT = "dwarf-with-dsym";
				ENABLE_STRICT_OBJC_MSGSEND = YES;
				GCC_C_LANGUAGE_STANDARD = gnu99;
				GCC_DYNAMIC_NO_PIC = NO;
				GCC_NO_COMMON_BLOCKS = YES;
				GCC_OPTIMIZATION_LEVEL = 0;
				GCC_PREPROCESSOR_DEFINITIONS = (
					"DEBUG=1",
					"$(inherited)",
				);
				GCC_SYMBOLS_PRIVATE_EXTERN = NO;
				GCC_WARN_64_TO_32_BIT_CONVERSION = YES;
				GCC_WARN_ABOUT_RETURN_TYPE = YES_ERROR;
				GCC_WARN_UNDECLARED_SELECTOR = YES;
				GCC_WARN_UNINITIALIZED_AUTOS = YES_AGGRESSIVE;
				GCC_WARN_UNUSED_FUNCTION = YES;
				GCC_WARN_UNUSED_VARIABLE = YES;
				IPHONEOS_DEPLOYMENT_TARGET = 8.3;
				MTL_ENABLE_DEBUG_INFO = YES;
				ONLY_ACTIVE_ARCH = YES;
				SDKROOT = iphoneos;
				TARGETED_DEVICE_FAMILY = "1,2";
				VERSIONING_SYSTEM = "apple-generic";
				VERSION_INFO_PREFIX = "";
			};
			name = Debug;
		};
		DB9013D71B2A03CD001F1CF8 /* Release */ = {
			isa = XCBuildConfiguration;
			buildSettings = {
				ALWAYS_SEARCH_USER_PATHS = NO;
				CLANG_CXX_LANGUAGE_STANDARD = "gnu++0x";
				CLANG_CXX_LIBRARY = "libc++";
				CLANG_ENABLE_MODULES = YES;
				CLANG_ENABLE_OBJC_ARC = YES;
				CLANG_WARN_BOOL_CONVERSION = YES;
				CLANG_WARN_CONSTANT_CONVERSION = YES;
				CLANG_WARN_DIRECT_OBJC_ISA_USAGE = YES_ERROR;
				CLANG_WARN_EMPTY_BODY = YES;
				CLANG_WARN_ENUM_CONVERSION = YES;
				CLANG_WARN_INT_CONVERSION = YES;
				CLANG_WARN_OBJC_ROOT_CLASS = YES_ERROR;
				CLANG_WARN_UNREACHABLE_CODE = YES;
				CLANG_WARN__DUPLICATE_METHOD_MATCH = YES;
				"CODE_SIGN_IDENTITY[sdk=iphoneos*]" = "iPhone Developer";
				COPY_PHASE_STRIP = NO;
				CURRENT_PROJECT_VERSION = 1;
				DEBUG_INFORMATION_FORMAT = "dwarf-with-dsym";
				ENABLE_NS_ASSERTIONS = NO;
				ENABLE_STRICT_OBJC_MSGSEND = YES;
				GCC_C_LANGUAGE_STANDARD = gnu99;
				GCC_NO_COMMON_BLOCKS = YES;
				GCC_WARN_64_TO_32_BIT_CONVERSION = YES;
				GCC_WARN_ABOUT_RETURN_TYPE = YES_ERROR;
				GCC_WARN_UNDECLARED_SELECTOR = YES;
				GCC_WARN_UNINITIALIZED_AUTOS = YES_AGGRESSIVE;
				GCC_WARN_UNUSED_FUNCTION = YES;
				GCC_WARN_UNUSED_VARIABLE = YES;
				IPHONEOS_DEPLOYMENT_TARGET = 8.3;
				MTL_ENABLE_DEBUG_INFO = NO;
				SDKROOT = iphoneos;
				TARGETED_DEVICE_FAMILY = "1,2";
				VALIDATE_PRODUCT = YES;
				VERSIONING_SYSTEM = "apple-generic";
				VERSION_INFO_PREFIX = "";
			};
			name = Release;
		};
		DB9013D91B2A03CD001F1CF8 /* Debug */ = {
			isa = XCBuildConfiguration;
			baseConfigurationReference = B86B9A260D26D9787B6A18FE /* Pods.debug.xcconfig */;
			buildSettings = {
				DEFINES_MODULE = YES;
				DYLIB_COMPATIBILITY_VERSION = 1;
				DYLIB_CURRENT_VERSION = 1;
				DYLIB_INSTALL_NAME_BASE = "@rpath";
				INFOPLIST_FILE = iOS_Framework/Info.plist;
				INSTALL_PATH = "$(LOCAL_LIBRARY_DIR)/Frameworks";
				LD_RUNPATH_SEARCH_PATHS = "$(inherited) @executable_path/Frameworks @loader_path/Frameworks";
				ONLY_ACTIVE_ARCH = YES;
				PRODUCT_NAME = "$(TARGET_NAME)";
				SKIP_INSTALL = YES;
				TARGETED_DEVICE_FAMILY = "1,2";
			};
			name = Debug;
		};
		DB9013DA1B2A03CD001F1CF8 /* Release */ = {
			isa = XCBuildConfiguration;
			baseConfigurationReference = A2FE29966919422FC00FE524 /* Pods.release.xcconfig */;
			buildSettings = {
				DEFINES_MODULE = YES;
				DYLIB_COMPATIBILITY_VERSION = 1;
				DYLIB_CURRENT_VERSION = 1;
				DYLIB_INSTALL_NAME_BASE = "@rpath";
				INFOPLIST_FILE = iOS_Framework/Info.plist;
				INSTALL_PATH = "$(LOCAL_LIBRARY_DIR)/Frameworks";
				LD_RUNPATH_SEARCH_PATHS = "$(inherited) @executable_path/Frameworks @loader_path/Frameworks";
				ONLY_ACTIVE_ARCH = NO;
				PRODUCT_NAME = "$(TARGET_NAME)";
				SKIP_INSTALL = YES;
				TARGETED_DEVICE_FAMILY = "1,2";
			};
			name = Release;
		};
		DB9013DC1B2A03CD001F1CF8 /* Debug */ = {
			isa = XCBuildConfiguration;
			buildSettings = {
				FRAMEWORK_SEARCH_PATHS = (
					"$(SDKROOT)/Developer/Library/Frameworks",
					"$(inherited)",
				);
				GCC_PREPROCESSOR_DEFINITIONS = (
					"DEBUG=1",
					"$(inherited)",
				);
				INFOPLIST_FILE = iOS_FrameworkTests/Info.plist;
				LD_RUNPATH_SEARCH_PATHS = "$(inherited) @executable_path/Frameworks @loader_path/Frameworks";
				ONLY_ACTIVE_ARCH = YES;
				PRODUCT_NAME = "$(TARGET_NAME)";
			};
			name = Debug;
		};
		DB9013DD1B2A03CD001F1CF8 /* Release */ = {
			isa = XCBuildConfiguration;
			buildSettings = {
				FRAMEWORK_SEARCH_PATHS = (
					"$(SDKROOT)/Developer/Library/Frameworks",
					"$(inherited)",
				);
				INFOPLIST_FILE = iOS_FrameworkTests/Info.plist;
				LD_RUNPATH_SEARCH_PATHS = "$(inherited) @executable_path/Frameworks @loader_path/Frameworks";
				PRODUCT_NAME = "$(TARGET_NAME)";
			};
			name = Release;
		};
/* End XCBuildConfiguration section */

/* Begin XCConfigurationList section */
		DB9013BC1B2A03CD001F1CF8 /* Build configuration list for PBXProject "iOS_Framework" */ = {
			isa = XCConfigurationList;
			buildConfigurations = (
				DB9013D61B2A03CD001F1CF8 /* Debug */,
				DB9013D71B2A03CD001F1CF8 /* Release */,
			);
			defaultConfigurationIsVisible = 0;
			defaultConfigurationName = Release;
		};
		DB9013D81B2A03CD001F1CF8 /* Build configuration list for PBXNativeTarget "iOS_Framework" */ = {
			isa = XCConfigurationList;
			buildConfigurations = (
				DB9013D91B2A03CD001F1CF8 /* Debug */,
				DB9013DA1B2A03CD001F1CF8 /* Release */,
			);
			defaultConfigurationIsVisible = 0;
			defaultConfigurationName = Release;
		};
		DB9013DB1B2A03CD001F1CF8 /* Build configuration list for PBXNativeTarget "iOS_FrameworkTests" */ = {
			isa = XCConfigurationList;
			buildConfigurations = (
				DB9013DC1B2A03CD001F1CF8 /* Debug */,
				DB9013DD1B2A03CD001F1CF8 /* Release */,
			);
			defaultConfigurationIsVisible = 0;
			defaultConfigurationName = Release;
		};
/* End XCConfigurationList section */
	};
	rootObject = DB9013B91B2A03CD001F1CF8 /* Project object */;
}
